
Microsoft Visual Studio Solution File, Format Version 12.00
# Visual Studio Version 17
VisualStudioVersion = 17.0.31903.59
MinimumVisualStudioVersion = 10.0.40219.1
Project("{9A19103F-16F7-4668-BE54-9A1E7A4F7556}") = "CProject", "CProject\CProject.csproj", "{77D52856-A040-4934-AB5B-A19F8CF559D2}"
EndProject
Project("{2150E333-8FDC-42A3-9474-1A3956D46DE8}") = "Elementy rozwiązania", "Elementy rozwiązania", "{AADE4B59-9B98-481F-8E4D-0AB292980424}"
	ProjectSection(SolutionItems) = preProject
		.gitignore = .gitignore
	EndProjectSection
EndProject
Global
	GlobalSection(SolutionConfigurationPlatforms) = preSolution
		Debug|Any CPU = Debug|Any CPU
		Release|Any CPU = Release|Any CPU
	EndGlobalSection
	GlobalSection(ProjectConfigurationPlatforms) = postSolution
		{77D52856-A040-4934-AB5B-A19F8CF559D2}.Debug|Any CPU.ActiveCfg = Debug|Any CPU
		{77D52856-A040-4934-AB5B-A19F8CF559D2}.Debug|Any CPU.Build.0 = Debug|Any CPU
		{77D52856-A040-4934-AB5B-A19F8CF559D2}.Release|Any CPU.ActiveCfg = Release|Any CPU
		{77D52856-A040-4934-AB5B-A19F8CF559D2}.Release|Any CPU.Build.0 = Release|Any CPU
	EndGlobalSection
	GlobalSection(SolutionProperties) = preSolution
		HideSolutionNode = FALSE
	EndGlobalSection
	GlobalSection(ExtensibilityGlobals) = postSolution
		SolutionGuid = {B335D144-55BE-41BD-A2BB-4F299C997663}
	EndGlobalSection
EndGlobal
